
Microsoft Visual Studio Solution File, Format Version 12.00
# Visual Studio Version 17
VisualStudioVersion = 17.3.32804.467
MinimumVisualStudioVersion = 10.0.40219.1
Project("{FAE04EC0-301F-11D3-BF4B-00C04F79EFBC}") = "KillDebugger", "KillDebugger.csproj", "{D2F4BA3F-0C86-4277-922B-32FB86D50948}"
EndProject
Global
	GlobalSection(SolutionConfigurationPlatforms) = preSolution
		Debug|Any CPU = Debug|Any CPU
		Release|Any CPU = Release|Any CPU
	EndGlobalSection
	GlobalSection(ProjectConfigurationPlatforms) = postSolution
		{D2F4BA3F-0C86-4277-922B-32FB86D50948}.Debug|Any CPU.ActiveCfg = Debug|Any CPU
		{D2F4BA3F-0C86-4277-922B-32FB86D50948}.Debug|Any CPU.Build.0 = Debug|Any CPU
		{D2F4BA3F-0C86-4277-922B-32FB86D50948}.Release|Any CPU.ActiveCfg = Release|Any CPU
		{D2F4BA3F-0C86-4277-922B-32FB86D50948}.Release|Any CPU.Build.0 = Release|Any CPU
	EndGlobalSection
	GlobalSection(SolutionProperties) = preSolution
		HideSolutionNode = FALSE
	EndGlobalSection
	GlobalSection(ExtensibilityGlobals) = postSolution
		SolutionGuid = {22448958-C151-42BE-AE7E-C0C17FC62105}
	EndGlobalSection
EndGlobal
